// !$*UTF8*$!
{
	archiveVersion = 1;
	classes = {
	};
	objectVersion = 50;
	objects = {

/* Begin PBXBuildFile section */
		3A4827B327C6CD53008BB6AF /* LetterButtonViews.swift in Sources */ = {isa = PBXBuildFile; fileRef = 3A4827B227C6CD53008BB6AF /* LetterButtonViews.swift */; };
		3A4827B627C6DE7F008BB6AF /* Keyboard.swift in Sources */ = {isa = PBXBuildFile; fileRef = 3A4827B527C6DE7F008BB6AF /* Keyboard.swift */; };
		3A4833AA27CAB39500B0E224 /* Shake.swift in Sources */ = {isa = PBXBuildFile; fileRef = 3A4833A927CAB39500B0E224 /* Shake.swift */; };
		3A48416827C5BF5B00CD83C6 /* Wordle2App.swift in Sources */ = {isa = PBXBuildFile; fileRef = 3A48416727C5BF5B00CD83C6 /* Wordle2App.swift */; };
		3A48416A27C5BF5B00CD83C6 /* ContentView.swift in Sources */ = {isa = PBXBuildFile; fileRef = 3A48416927C5BF5B00CD83C6 /* ContentView.swift */; };
		3A48416C27C5BF5C00CD83C6 /* Assets.xcassets in Resources */ = {isa = PBXBuildFile; fileRef = 3A48416B27C5BF5C00CD83C6 /* Assets.xcassets */; };
		3A48416F27C5BF5C00CD83C6 /* Preview Assets.xcassets in Resources */ = {isa = PBXBuildFile; fileRef = 3A48416E27C5BF5C00CD83C6 /* Preview Assets.xcassets */; };
		3A48417C27C5C0E300CD83C6 /* WordleDataModel.swift in Sources */ = {isa = PBXBuildFile; fileRef = 3A48417B27C5C0E300CD83C6 /* WordleDataModel.swift */; };
		3A48418027C5C11500CD83C6 /* GameView.swift in Sources */ = {isa = PBXBuildFile; fileRef = 3A48417F27C5C11500CD83C6 /* GameView.swift */; };
		3A48418327C5C12400CD83C6 /* GuessView.swift in Sources */ = {isa = PBXBuildFile; fileRef = 3A48418227C5C12400CD83C6 /* GuessView.swift */; };
		3A48418627C5C17100CD83C6 /* Guess.swift in Sources */ = {isa = PBXBuildFile; fileRef = 3A48418527C5C17100CD83C6 /* Guess.swift */; };
		3A48418927C5C1A400CD83C6 /* Color+Extension.swift in Sources */ = {isa = PBXBuildFile; fileRef = 3A48418827C5C1A400CD83C6 /* Color+Extension.swift */; };
		3A48418F27C5C1E900CD83C6 /* tygermatrix303.png in Resources */ = {isa = PBXBuildFile; fileRef = 3A48418E27C5C1E900CD83C6 /* tygermatrix303.png */; };
		3A48419327C5C38500CD83C6 /* Global.swift in Sources */ = {isa = PBXBuildFile; fileRef = 3A48419227C5C38500CD83C6 /* Global.swift */; };
		3A9592A8283690D40086785D /* FlipView.swift in Sources */ = {isa = PBXBuildFile; fileRef = 3A9592A7283690D40086785D /* FlipView.swift */; };
		3A984841284FAF9600BBBAEB /* ToastView.swift in Sources */ = {isa = PBXBuildFile; fileRef = 3A984840284FAF9600BBBAEB /* ToastView.swift */; };
		3A984843284FB52100BBBAEB /* Statistic.swift in Sources */ = {isa = PBXBuildFile; fileRef = 3A984842284FB52100BBBAEB /* Statistic.swift */; };
		3A9848452850011D00BBBAEB /* StatsView.swift in Sources */ = {isa = PBXBuildFile; fileRef = 3A9848442850011D00BBBAEB /* StatsView.swift */; };
		3A9E54642851222B00BB3B9F /* UIWindow+Extension.swift in Sources */ = {isa = PBXBuildFile; fileRef = 3A9E54632851222B00BB3B9F /* UIWindow+Extension.swift */; };
/* End PBXBuildFile section */

/* Begin PBXFileReference section */
		3A4827B227C6CD53008BB6AF /* LetterButtonViews.swift */ = {isa = PBXFileReference; lastKnownFileType = sourcecode.swift; path = LetterButtonViews.swift; sourceTree = "<group>"; };
		3A4827B527C6DE7F008BB6AF /* Keyboard.swift */ = {isa = PBXFileReference; lastKnownFileType = sourcecode.swift; path = Keyboard.swift; sourceTree = "<group>"; };
		3A4833A927CAB39500B0E224 /* Shake.swift */ = {isa = PBXFileReference; lastKnownFileType = sourcecode.swift; path = Shake.swift; sourceTree = "<group>"; };
		3A48416427C5BF5B00CD83C6 /* Wordle2.app */ = {isa = PBXFileReference; explicitFileType = wrapper.application; includeInIndex = 0; path = Wordle2.app; sourceTree = BUILT_PRODUCTS_DIR; };
		3A48416727C5BF5B00CD83C6 /* Wordle2App.swift */ = {isa = PBXFileReference; lastKnownFileType = sourcecode.swift; path = Wordle2App.swift; sourceTree = "<group>"; };
		3A48416927C5BF5B00CD83C6 /* ContentView.swift */ = {isa = PBXFileReference; lastKnownFileType = sourcecode.swift; path = ContentView.swift; sourceTree = "<group>"; };
		3A48416B27C5BF5C00CD83C6 /* Assets.xcassets */ = {isa = PBXFileReference; lastKnownFileType = folder.assetcatalog; path = Assets.xcassets; sourceTree = "<group>"; };
		3A48416E27C5BF5C00CD83C6 /* Preview Assets.xcassets */ = {isa = PBXFileReference; lastKnownFileType = folder.assetcatalog; path = "Preview Assets.xcassets"; sourceTree = "<group>"; };
		3A48417027C5BF5C00CD83C6 /* Info.plist */ = {isa = PBXFileReference; lastKnownFileType = text.plist.xml; path = Info.plist; sourceTree = "<group>"; };
		3A48417B27C5C0E300CD83C6 /* WordleDataModel.swift */ = {isa = PBXFileReference; lastKnownFileType = sourcecode.swift; path = WordleDataModel.swift; sourceTree = "<group>"; };
		3A48417F27C5C11500CD83C6 /* GameView.swift */ = {isa = PBXFileReference; lastKnownFileType = sourcecode.swift; path = GameView.swift; sourceTree = "<group>"; };
		3A48418227C5C12400CD83C6 /* GuessView.swift */ = {isa = PBXFileReference; lastKnownFileType = sourcecode.swift; path = GuessView.swift; sourceTree = "<group>"; };
		3A48418527C5C17100CD83C6 /* Guess.swift */ = {isa = PBXFileReference; lastKnownFileType = sourcecode.swift; path = Guess.swift; sourceTree = "<group>"; };
		3A48418827C5C1A400CD83C6 /* Color+Extension.swift */ = {isa = PBXFileReference; lastKnownFileType = sourcecode.swift; path = "Color+Extension.swift"; sourceTree = "<group>"; };
		3A48418E27C5C1E900CD83C6 /* tygermatrix303.png */ = {isa = PBXFileReference; lastKnownFileType = image.png; path = tygermatrix303.png; sourceTree = "<group>"; };
		3A48419227C5C38500CD83C6 /* Global.swift */ = {isa = PBXFileReference; lastKnownFileType = sourcecode.swift; path = Global.swift; sourceTree = "<group>"; };
		3A9592A7283690D40086785D /* FlipView.swift */ = {isa = PBXFileReference; lastKnownFileType = sourcecode.swift; path = FlipView.swift; sourceTree = "<group>"; };
		3A984840284FAF9600BBBAEB /* ToastView.swift */ = {isa = PBXFileReference; lastKnownFileType = sourcecode.swift; path = ToastView.swift; sourceTree = "<group>"; };
		3A984842284FB52100BBBAEB /* Statistic.swift */ = {isa = PBXFileReference; lastKnownFileType = sourcecode.swift; path = Statistic.swift; sourceTree = "<group>"; };
		3A9848442850011D00BBBAEB /* StatsView.swift */ = {isa = PBXFileReference; lastKnownFileType = sourcecode.swift; path = StatsView.swift; sourceTree = "<group>"; };
		3A9E54632851222B00BB3B9F /* UIWindow+Extension.swift */ = {isa = PBXFileReference; lastKnownFileType = sourcecode.swift; path = "UIWindow+Extension.swift"; sourceTree = "<group>"; };
/* End PBXFileReference section */

/* Begin PBXFrameworksBuildPhase section */
		3A48416127C5BF5B00CD83C6 /* Frameworks */ = {
			isa = PBXFrameworksBuildPhase;
			buildActionMask = 2147483647;
			files = (
			);
			runOnlyForDeploymentPostprocessing = 0;
		};
/* End PBXFrameworksBuildPhase section */

/* Begin PBXGroup section */
		3A4833A827CAB37700B0E224 /* Animations */ = {
			isa = PBXGroup;
			children = (
				3A4833A927CAB39500B0E224 /* Shake.swift */,
				3A9592A7283690D40086785D /* FlipView.swift */,
			);
			path = Animations;
			sourceTree = "<group>";
		};
		3A48415B27C5BF5B00CD83C6 = {
			isa = PBXGroup;
			children = (
				3A48416627C5BF5B00CD83C6 /* Wordle2 */,
				3A48416527C5BF5B00CD83C6 /* Products */,
			);
			sourceTree = "<group>";
		};
		3A48416527C5BF5B00CD83C6 /* Products */ = {
			isa = PBXGroup;
			children = (
				3A48416427C5BF5B00CD83C6 /* Wordle2.app */,
			);
			name = Products;
			sourceTree = "<group>";
		};
		3A48416627C5BF5B00CD83C6 /* Wordle2 */ = {
			isa = PBXGroup;
			children = (
				3A48416727C5BF5B00CD83C6 /* Wordle2App.swift */,
				3A48416927C5BF5B00CD83C6 /* ContentView.swift */,
				3A48417A27C5C0AC00CD83C6 /* Models */,
				3A48417827C5C07F00CD83C6 /* ViewModels */,
				3A48417727C5C07700CD83C6 /* Views */,
				3A48417927C5C08A00CD83C6 /* Extensions */,
				3A4833A827CAB37700B0E224 /* Animations */,
				3A48416B27C5BF5C00CD83C6 /* Assets.xcassets */,
				3A48418E27C5C1E900CD83C6 /* tygermatrix303.png */,
				3A48417027C5BF5C00CD83C6 /* Info.plist */,
				3A48416D27C5BF5C00CD83C6 /* Preview Content */,
			);
			path = Wordle2;
			sourceTree = "<group>";
		};
		3A48416D27C5BF5C00CD83C6 /* Preview Content */ = {
			isa = PBXGroup;
			children = (
				3A48416E27C5BF5C00CD83C6 /* Preview Assets.xcassets */,
			);
			path = "Preview Content";
			sourceTree = "<group>";
		};
		3A48417727C5C07700CD83C6 /* Views */ = {
			isa = PBXGroup;
			children = (
				3A48417F27C5C11500CD83C6 /* GameView.swift */,
				3A48418227C5C12400CD83C6 /* GuessView.swift */,
				3A4827B227C6CD53008BB6AF /* LetterButtonViews.swift */,
				3A4827B527C6DE7F008BB6AF /* Keyboard.swift */,
				3A984840284FAF9600BBBAEB /* ToastView.swift */,
				3A9848442850011D00BBBAEB /* StatsView.swift */,
			);
			path = Views;
			sourceTree = "<group>";
		};
		3A48417827C5C07F00CD83C6 /* ViewModels */ = {
			isa = PBXGroup;
			children = (
				3A48417B27C5C0E300CD83C6 /* WordleDataModel.swift */,
			);
			path = ViewModels;
			sourceTree = "<group>";
		};
		3A48417927C5C08A00CD83C6 /* Extensions */ = {
			isa = PBXGroup;
			children = (
				3A48418827C5C1A400CD83C6 /* Color+Extension.swift */,
				3A9E54632851222B00BB3B9F /* UIWindow+Extension.swift */,
			);
			path = Extensions;
			sourceTree = "<group>";
		};
		3A48417A27C5C0AC00CD83C6 /* Models */ = {
			isa = PBXGroup;
			children = (
				3A48418527C5C17100CD83C6 /* Guess.swift */,
				3A48419227C5C38500CD83C6 /* Global.swift */,
				3A984842284FB52100BBBAEB /* Statistic.swift */,
			);
			path = Models;
			sourceTree = "<group>";
		};
/* End PBXGroup section */

/* Begin PBXNativeTarget section */
		3A48416327C5BF5B00CD83C6 /* Wordle2 */ = {
			isa = PBXNativeTarget;
			buildConfigurationList = 3A48417327C5BF5C00CD83C6 /* Build configuration list for PBXNativeTarget "Wordle2" */;
			buildPhases = (
				3A48416027C5BF5B00CD83C6 /* Sources */,
				3A48416127C5BF5B00CD83C6 /* Frameworks */,
				3A48416227C5BF5B00CD83C6 /* Resources */,
			);
			buildRules = (
			);
			dependencies = (
			);
			name = Wordle2;
			productName = Wordle2;
			productReference = 3A48416427C5BF5B00CD83C6 /* Wordle2.app */;
			productType = "com.apple.product-type.application";
		};
/* End PBXNativeTarget section */

/* Begin PBXProject section */
		3A48415C27C5BF5B00CD83C6 /* Project object */ = {
			isa = PBXProject;
			attributes = {
				LastSwiftUpdateCheck = 1240;
				LastUpgradeCheck = 1240;
				TargetAttributes = {
					3A48416327C5BF5B00CD83C6 = {
						CreatedOnToolsVersion = 12.4;
					};
				};
			};
			buildConfigurationList = 3A48415F27C5BF5B00CD83C6 /* Build configuration list for PBXProject "Wordle2" */;
			compatibilityVersion = "Xcode 9.3";
			developmentRegion = en;
			hasScannedForEncodings = 0;
			knownRegions = (
				en,
				Base,
			);
			mainGroup = 3A48415B27C5BF5B00CD83C6;
			productRefGroup = 3A48416527C5BF5B00CD83C6 /* Products */;
			projectDirPath = "";
			projectRoot = "";
			targets = (
				3A48416327C5BF5B00CD83C6 /* Wordle2 */,
			);
		};
/* End PBXProject section */

/* Begin PBXResourcesBuildPhase section */
		3A48416227C5BF5B00CD83C6 /* Resources */ = {
			isa = PBXResourcesBuildPhase;
			buildActionMask = 2147483647;
			files = (
				3A48416F27C5BF5C00CD83C6 /* Preview Assets.xcassets in Resources */,
				3A48418F27C5C1E900CD83C6 /* tygermatrix303.png in Resources */,
				3A48416C27C5BF5C00CD83C6 /* Assets.xcassets in Resources */,
			);
			runOnlyForDeploymentPostprocessing = 0;
		};
/* End PBXResourcesBuildPhase section */

/* Begin PBXSourcesBuildPhase section */
		3A48416027C5BF5B00CD83C6 /* Sources */ = {
			isa = PBXSourcesBuildPhase;
			buildActionMask = 2147483647;
			files = (
				3A48416A27C5BF5B00CD83C6 /* ContentView.swift in Sources */,
				3A9E54642851222B00BB3B9F /* UIWindow+Extension.swift in Sources */,
				3A48418927C5C1A400CD83C6 /* Color+Extension.swift in Sources */,
				3A4827B627C6DE7F008BB6AF /* Keyboard.swift in Sources */,
				3A4833AA27CAB39500B0E224 /* Shake.swift in Sources */,
				3A4827B327C6CD53008BB6AF /* LetterButtonViews.swift in Sources */,
				3A48418327C5C12400CD83C6 /* GuessView.swift in Sources */,
				3A984843284FB52100BBBAEB /* Statistic.swift in Sources */,
				3A48417C27C5C0E300CD83C6 /* WordleDataModel.swift in Sources */,
				3A984841284FAF9600BBBAEB /* ToastView.swift in Sources */,
				3A9592A8283690D40086785D /* FlipView.swift in Sources */,
				3A48418027C5C11500CD83C6 /* GameView.swift in Sources */,
				3A9848452850011D00BBBAEB /* StatsView.swift in Sources */,
				3A48416827C5BF5B00CD83C6 /* Wordle2App.swift in Sources */,
				3A48418627C5C17100CD83C6 /* Guess.swift in Sources */,
				3A48419327C5C38500CD83C6 /* Global.swift in Sources */,
			);
			runOnlyForDeploymentPostprocessing = 0;
		};
/* End PBXSourcesBuildPhase section */

/* Begin XCBuildConfiguration section */
		3A48417127C5BF5C00CD83C6 /* Debug */ = {
			isa = XCBuildConfiguration;
			buildSettings = {
				ALWAYS_SEARCH_USER_PATHS = NO;
				CLANG_ANALYZER_NONNULL = YES;
				CLANG_ANALYZER_NUMBER_OBJECT_CONVERSION = YES_AGGRESSIVE;
				CLANG_CXX_LANGUAGE_STANDARD = "gnu++14";
				CLANG_CXX_LIBRARY = "libc++";
				CLANG_ENABLE_MODULES = YES;
				CLANG_ENABLE_OBJC_ARC = YES;
				CLANG_ENABLE_OBJC_WEAK = YES;
				CLANG_WARN_BLOCK_CAPTURE_AUTORELEASING = YES;
				CLANG_WARN_BOOL_CONVERSION = YES;
				CLANG_WARN_COMMA = YES;
				CLANG_WARN_CONSTANT_CONVERSION = YES;
				CLANG_WARN_DEPRECATED_OBJC_IMPLEMENTATIONS = YES;
				CLANG_WARN_DIRECT_OBJC_ISA_USAGE = YES_ERROR;
				CLANG_WARN_DOCUMENTATION_COMMENTS = YES;
				CLANG_WARN_EMPTY_BODY = YES;
				CLANG_WARN_ENUM_CONVERSION = YES;
				CLANG_WARN_INFINITE_RECURSION = YES;
				CLANG_WARN_INT_CONVERSION = YES;
				CLANG_WARN_NON_LITERAL_NULL_CONVERSION = YES;
				CLANG_WARN_OBJC_IMPLICIT_RETAIN_SELF = YES;
				CLANG_WARN_OBJC_LITERAL_CONVERSION = YES;
				CLANG_WARN_OBJC_ROOT_CLASS = YES_ERROR;
				CLANG_WARN_QUOTED_INCLUDE_IN_FRAMEWORK_HEADER = YES;
				CLANG_WARN_RANGE_LOOP_ANALYSIS = YES;
				CLANG_WARN_STRICT_PROTOTYPES = YES;
				CLANG_WARN_SUSPICIOUS_MOVE = YES;
				CLANG_WARN_UNGUARDED_AVAILABILITY = YES_AGGRESSIVE;
				CLANG_WARN_UNREACHABLE_CODE = YES;
				CLANG_WARN__DUPLICATE_METHOD_MATCH = YES;
				COPY_PHASE_STRIP = NO;
				DEBUG_INFORMATION_FORMAT = dwarf;
				ENABLE_STRICT_OBJC_MSGSEND = YES;
				ENABLE_TESTABILITY = YES;
				GCC_C_LANGUAGE_STANDARD = gnu11;
				GCC_DYNAMIC_NO_PIC = NO;
				GCC_NO_COMMON_BLOCKS = YES;
				GCC_OPTIMIZATION_LEVEL = 0;
				GCC_PREPROCESSOR_DEFINITIONS = (
					"DEBUG=1",
					"$(inherited)",
				);
				GCC_WARN_64_TO_32_BIT_CONVERSION = YES;
				GCC_WARN_ABOUT_RETURN_TYPE = YES_ERROR;
				GCC_WARN_UNDECLARED_SELECTOR = YES;
				GCC_WARN_UNINITIALIZED_AUTOS = YES_AGGRESSIVE;
				GCC_WARN_UNUSED_FUNCTION = YES;
				GCC_WARN_UNUSED_VARIABLE = YES;
				IPHONEOS_DEPLOYMENT_TARGET = 14.4;
				MTL_ENABLE_DEBUG_INFO = INCLUDE_SOURCE;
				MTL_FAST_MATH = YES;
				ONLY_ACTIVE_ARCH = YES;
				SDKROOT = iphoneos;
				SWIFT_ACTIVE_COMPILATION_CONDITIONS = DEBUG;
				SWIFT_OPTIMIZATION_LEVEL = "-Onone";
			};
			name = Debug;
		};
		3A48417227C5BF5C00CD83C6 /* Release */ = {
			isa = XCBuildConfiguration;
			buildSettings = {
				ALWAYS_SEARCH_USER_PATHS = NO;
				CLANG_ANALYZER_NONNULL = YES;
				CLANG_ANALYZER_NUMBER_OBJECT_CONVERSION = YES_AGGRESSIVE;
				CLANG_CXX_LANGUAGE_STANDARD = "gnu++14";
				CLANG_CXX_LIBRARY = "libc++";
				CLANG_ENABLE_MODULES = YES;
				CLANG_ENABLE_OBJC_ARC = YES;
				CLANG_ENABLE_OBJC_WEAK = YES;
				CLANG_WARN_BLOCK_CAPTURE_AUTORELEASING = YES;
				CLANG_WARN_BOOL_CONVERSION = YES;
				CLANG_WARN_COMMA = YES;
				CLANG_WARN_CONSTANT_CONVERSION = YES;
				CLANG_WARN_DEPRECATED_OBJC_IMPLEMENTATIONS = YES;
				CLANG_WARN_DIRECT_OBJC_ISA_USAGE = YES_ERROR;
				CLANG_WARN_DOCUMENTATION_COMMENTS = YES;
				CLANG_WARN_EMPTY_BODY = YES;
				CLANG_WARN_ENUM_CONVERSION = YES;
				CLANG_WARN_INFINITE_RECURSION = YES;
				CLANG_WARN_INT_CONVERSION = YES;
				CLANG_WARN_NON_LITERAL_NULL_CONVERSION = YES;
				CLANG_WARN_OBJC_IMPLICIT_RETAIN_SELF = YES;
				CLANG_WARN_OBJC_LITERAL_CONVERSION = YES;
				CLANG_WARN_OBJC_ROOT_CLASS = YES_ERROR;
				CLANG_WARN_QUOTED_INCLUDE_IN_FRAMEWORK_HEADER = YES;
				CLANG_WARN_RANGE_LOOP_ANALYSIS = YES;
				CLANG_WARN_STRICT_PROTOTYPES = YES;
				CLANG_WARN_SUSPICIOUS_MOVE = YES;
				CLANG_WARN_UNGUARDED_AVAILABILITY = YES_AGGRESSIVE;
				CLANG_WARN_UNREACHABLE_CODE = YES;
				CLANG_WARN__DUPLICATE_METHOD_MATCH = YES;
				COPY_PHASE_STRIP = NO;
				DEBUG_INFORMATION_FORMAT = "dwarf-with-dsym";
				ENABLE_NS_ASSERTIONS = NO;
				ENABLE_STRICT_OBJC_MSGSEND = YES;
				GCC_C_LANGUAGE_STANDARD = gnu11;
				GCC_NO_COMMON_BLOCKS = YES;
				GCC_WARN_64_TO_32_BIT_CONVERSION = YES;
				GCC_WARN_ABOUT_RETURN_TYPE = YES_ERROR;
				GCC_WARN_UNDECLARED_SELECTOR = YES;
				GCC_WARN_UNINITIALIZED_AUTOS = YES_AGGRESSIVE;
				GCC_WARN_UNUSED_FUNCTION = YES;
				GCC_WARN_UNUSED_VARIABLE = YES;
				IPHONEOS_DEPLOYMENT_TARGET = 14.4;
				MTL_ENABLE_DEBUG_INFO = NO;
				MTL_FAST_MATH = YES;
				SDKROOT = iphoneos;
				SWIFT_COMPILATION_MODE = wholemodule;
				SWIFT_OPTIMIZATION_LEVEL = "-O";
				VALIDATE_PRODUCT = YES;
			};
			name = Release;
		};
		3A48417427C5BF5C00CD83C6 /* Debug */ = {
			isa = XCBuildConfiguration;
			buildSettings = {
				ASSETCATALOG_COMPILER_APPICON_NAME = AppIcon;
				ASSETCATALOG_COMPILER_GLOBAL_ACCENT_COLOR_NAME = AccentColor;
				CODE_SIGN_STYLE = Automatic;
				DEVELOPMENT_ASSET_PATHS = "\"Wordle2/Preview Content\"";
				DEVELOPMENT_TEAM = JQ4QUUYZ53;
				ENABLE_PREVIEWS = YES;
				INFOPLIST_FILE = Wordle2/Info.plist;
				IPHONEOS_DEPLOYMENT_TARGET = 15.0;
				LD_RUNPATH_SEARCH_PATHS = (
					"$(inherited)",
					"@executable_path/Frameworks",
				);
				PRODUCT_BUNDLE_IDENTIFIER = com.TygerMatrix.Wordle2;
				PRODUCT_NAME = "$(TARGET_NAME)";
				SWIFT_VERSION = 5.0;
				TARGETED_DEVICE_FAMILY = "1,2";
			};
			name = Debug;
		};
		3A48417527C5BF5C00CD83C6 /* Release */ = {
			isa = XCBuildConfiguration;
			buildSettings = {
				ASSETCATALOG_COMPILER_APPICON_NAME = AppIcon;
				ASSETCATALOG_COMPILER_GLOBAL_ACCENT_COLOR_NAME = AccentColor;
				CODE_SIGN_STYLE = Automatic;
				DEVELOPMENT_ASSET_PATHS = "\"Wordle2/Preview Content\"";
				DEVELOPMENT_TEAM = JQ4QUUYZ53;
				ENABLE_PREVIEWS = YES;
				INFOPLIST_FILE = Wordle2/Info.plist;
				IPHONEOS_DEPLOYMENT_TARGET = 15.0;
				LD_RUNPATH_SEARCH_PATHS = (
					"$(inherited)",
					"@executable_path/Frameworks",
				);
				PRODUCT_BUNDLE_IDENTIFIER = com.TygerMatrix.Wordle2;
				PRODUCT_NAME = "$(TARGET_NAME)";
				SWIFT_VERSION = 5.0;
				TARGETED_DEVICE_FAMILY = "1,2";
			};
			name = Release;
		};
/* End XCBuildConfiguration section */

/* Begin XCConfigurationList section */
		3A48415F27C5BF5B00CD83C6 /* Build configuration list for PBXProject "Wordle2" */ = {
			isa = XCConfigurationList;
			buildConfigurations = (
				3A48417127C5BF5C00CD83C6 /* Debug */,
				3A48417227C5BF5C00CD83C6 /* Release */,
			);
			defaultConfigurationIsVisible = 0;
			defaultConfigurationName = Release;
		};
		3A48417327C5BF5C00CD83C6 /* Build configuration list for PBXNativeTarget "Wordle2" */ = {
			isa = XCConfigurationList;
			buildConfigurations = (
				3A48417427C5BF5C00CD83C6 /* Debug */,
				3A48417527C5BF5C00CD83C6 /* Release */,
			);
			defaultConfigurationIsVisible = 0;
			defaultConfigurationName = Release;
		};
/* End XCConfigurationList section */
	};
	rootObject = 3A48415C27C5BF5B00CD83C6 /* Project object */;
}
